
Microsoft Visual Studio Solution File, Format Version 12.00
# Visual Studio Version 16
VisualStudioVersion = 16.0.30804.86
MinimumVisualStudioVersion = 10.0.40219.1
Project("{FAE04EC0-301F-11D3-BF4B-00C04F79EFBC}") = "CommandHandlersManager.Api", "CommandHandlersManager.Api\CommandHandlersManager.Api.csproj", "{17E4B07A-6649-48CE-A1B5-15058988CBF7}"
EndProject
Project("{FAE04EC0-301F-11D3-BF4B-00C04F79EFBC}") = "CHM.Commands", "CHM.Commands\CHM.Commands.csproj", "{0A58FCED-CA07-4944-974C-DC60122C1961}"
EndProject
Project("{FAE04EC0-301F-11D3-BF4B-00C04F79EFBC}") = "CHM.Data", "CHM.Data\CHM.Data.csproj", "{812CD18D-5106-42A9-ADBB-F5105660BFB3}"
EndProject
Global
	GlobalSection(SolutionConfigurationPlatforms) = preSolution
		Debug|Any CPU = Debug|Any CPU
		Release|Any CPU = Release|Any CPU
	EndGlobalSection
	GlobalSection(ProjectConfigurationPlatforms) = postSolution
		{17E4B07A-6649-48CE-A1B5-15058988CBF7}.Debug|Any CPU.ActiveCfg = Debug|Any CPU
		{17E4B07A-6649-48CE-A1B5-15058988CBF7}.Debug|Any CPU.Build.0 = Debug|Any CPU
		{17E4B07A-6649-48CE-A1B5-15058988CBF7}.Release|Any CPU.ActiveCfg = Release|Any CPU
		{17E4B07A-6649-48CE-A1B5-15058988CBF7}.Release|Any CPU.Build.0 = Release|Any CPU
		{0A58FCED-CA07-4944-974C-DC60122C1961}.Debug|Any CPU.ActiveCfg = Debug|Any CPU
		{0A58FCED-CA07-4944-974C-DC60122C1961}.Debug|Any CPU.Build.0 = Debug|Any CPU
		{0A58FCED-CA07-4944-974C-DC60122C1961}.Release|Any CPU.ActiveCfg = Release|Any CPU
		{0A58FCED-CA07-4944-974C-DC60122C1961}.Release|Any CPU.Build.0 = Release|Any CPU
		{812CD18D-5106-42A9-ADBB-F5105660BFB3}.Debug|Any CPU.ActiveCfg = Debug|Any CPU
		{812CD18D-5106-42A9-ADBB-F5105660BFB3}.Debug|Any CPU.Build.0 = Debug|Any CPU
		{812CD18D-5106-42A9-ADBB-F5105660BFB3}.Release|Any CPU.ActiveCfg = Release|Any CPU
		{812CD18D-5106-42A9-ADBB-F5105660BFB3}.Release|Any CPU.Build.0 = Release|Any CPU
	EndGlobalSection
	GlobalSection(SolutionProperties) = preSolution
		HideSolutionNode = FALSE
	EndGlobalSection
	GlobalSection(ExtensibilityGlobals) = postSolution
		SolutionGuid = {A4D66903-9F91-4552-A0DE-49D4D04900C2}
	EndGlobalSection
EndGlobal
